<?xml version="1.0" encoding="utf-8"?>
<Project ToolsVersion="4.0" xmlns="http://schemas.microsoft.com/developer/msbuild/2003">
  <ItemGroup>
    <Filter Include="src">
      <UniqueIdentifier>{8f114b60-f8e4-4a6f-86ee-02c05c81b1c6}</UniqueIdentifier>
    </Filter>
    <Filter Include="src\hg2d">
      <UniqueIdentifier>{6c49e5ba-90cd-43c7-855b-83e787e3fd06}</UniqueIdentifier>
    </Filter>
    <Filter Include="src\hg2d\Core">
      <UniqueIdentifier>{d6009f95-d820-438a-ae7c-69d516e851fc}</UniqueIdentifier>
    </Filter>
    <Filter Include="src\hg2d\GameState">
      <UniqueIdentifier>{f8eea857-c32a-44d8-82cc-3bff9921a993}</UniqueIdentifier>
    </Filter>
    <Filter Include="src\hg2d\Renderer">
      <UniqueIdentifier>{5e94efcb-42fa-4d73-a014-7b8c033740a8}</UniqueIdentifier>
    </Filter>
    <Filter Include="src\hg2d\Sound">
      <UniqueIdentifier>{baa528dc-9d66-4432-b73b-d501bb7b3277}</UniqueIdentifier>
    </Filter>
    <Filter Include="src\hg2d\GUI">
      <UniqueIdentifier>{41ef7eb9-accc-4440-a4fa-62cec645163c}</UniqueIdentifier>
    </Filter>
    <Filter Include="src\hg2d\Cache">
      <UniqueIdentifier>{6b2d8619-f2ac-405f-915c-42c5528be995}</UniqueIdentifier>
    </Filter>
    <Filter Include="src\hg2d\Scene">
      <UniqueIdentifier>{083bb1b6-e127-4c42-b213-067d2809749d}</UniqueIdentifier>
    </Filter>
  </ItemGroup>
  <ItemGroup>
    <ClInclude Include="src\hg2d\Core\Engine.hpp">
      <Filter>src\hg2d\Core</Filter>
    </ClInclude>
    <ClInclude Include="src\hg2d\GameState\AGameState.hpp">
      <Filter>src\hg2d\GameState</Filter>
    </ClInclude>
    <ClInclude Include="src\hg2d\GameState\GameStateSystem.hpp">
      <Filter>src\hg2d\GameState</Filter>
    </ClInclude>
    <ClInclude Include="src\hg2d\Renderer\RenderSystem.hpp">
      <Filter>src\hg2d\Renderer</Filter>
    </ClInclude>
    <ClInclude Include="src\hg2d\BuildConfig.hpp">
      <Filter>src\hg2d</Filter>
    </ClInclude>
    <ClInclude Include="src\hg2d\Sound\SoundSystem.hpp">
      <Filter>src\hg2d\Sound</Filter>
    </ClInclude>
    <ClInclude Include="src\hg2d\GUI\Font.hpp">
      <Filter>src\hg2d\GUI</Filter>
    </ClInclude>
    <ClInclude Include="src\hg2d\GUI\AGUIWidget.hpp">
      <Filter>src\hg2d\GUI</Filter>
    </ClInclude>
    <ClInclude Include="src\hg2d\GUI\GUISystem.hpp">
      <Filter>src\hg2d\GUI</Filter>
    </ClInclude>
    <ClInclude Include="src\hg2d\GUI\GUIImage.hpp">
      <Filter>src\hg2d\GUI</Filter>
    </ClInclude>
    <ClInclude Include="src\hg2d\GUI\GUILabel.hpp">
      <Filter>src\hg2d\GUI</Filter>
    </ClInclude>
    <ClInclude Include="src\hg2d\GUI\GUIButton.hpp">
      <Filter>src\hg2d\GUI</Filter>
    </ClInclude>
    <ClInclude Include="src\hg2d\Cache\CacheSystem.hpp">
      <Filter>src\hg2d\Cache</Filter>
    </ClInclude>
    <ClInclude Include="src\hg2d\Scene\SceneSystem.hpp">
      <Filter>src\hg2d\Scene</Filter>
    </ClInclude>
    <ClInclude Include="src\hg2d\Scene\TransformSystem.hpp">
      <Filter>src\hg2d\Scene</Filter>
    </ClInclude>
  </ItemGroup>
  <ItemGroup>
    <ClCompile Include="src\hg2d\Core\Engine.cpp">
      <Filter>src\hg2d\Core</Filter>
    </ClCompile>
    <ClCompile Include="src\hg2d\GameState\AGameState.cpp">
      <Filter>src\hg2d\GameState</Filter>
    </ClCompile>
    <ClCompile Include="src\hg2d\GameState\GameStateSystem.cpp">
      <Filter>src\hg2d\GameState</Filter>
    </ClCompile>
    <ClCompile Include="src\hg2d\Renderer\D3D11RenderSystem.cpp">
      <Filter>src\hg2d\Renderer</Filter>
    </ClCompile>
    <ClCompile Include="src\hg2d\Sound\SoundSystem.cpp">
      <Filter>src\hg2d\Sound</Filter>
    </ClCompile>
    <ClCompile Include="src\hg2d\GUI\Font.cpp">
      <Filter>src\hg2d\GUI</Filter>
    </ClCompile>
    <ClCompile Include="src\hg2d\GUI\AGUIWidget.cpp">
      <Filter>src\hg2d\GUI</Filter>
    </ClCompile>
    <ClCompile Include="src\hg2d\GUI\GUISystem.cpp">
      <Filter>src\hg2d\GUI</Filter>
    </ClCompile>
    <ClCompile Include="src\hg2d\GUI\GUIImage.cpp">
      <Filter>src\hg2d\GUI</Filter>
    </ClCompile>
    <ClCompile Include="src\hg2d\GUI\GUILabel.cpp">
      <Filter>src\hg2d\GUI</Filter>
    </ClCompile>
    <ClCompile Include="src\hg2d\GUI\GUIButton.cpp">
      <Filter>src\hg2d\GUI</Filter>
    </ClCompile>
    <ClCompile Include="src\hg2d\Renderer\GL4RenderSystem.cpp">
      <Filter>src\hg2d\Renderer</Filter>
    </ClCompile>
    <ClCompile Include="src\hg2d\Cache\CacheSystem.cpp">
      <Filter>src\hg2d\Cache</Filter>
    </ClCompile>
    <ClCompile Include="src\hg2d\Scene\SceneSystem.cpp">
      <Filter>src\hg2d\Scene</Filter>
    </ClCompile>
    <ClCompile Include="src\hg2d\Scene\TransformSystem.cpp">
      <Filter>src\hg2d\Scene</Filter>
    </ClCompile>
  </ItemGroup>
</Project>